<?xml version="1.0" encoding="utf-8"?>
<Project ToolsVersion="4.0" xmlns="http://schemas.microsoft.com/developer/msbuild/2003">
  <ItemGroup>
    <Filter Include="Object">
      <UniqueIdentifier>{c1a33419-ee5c-48f5-a3b5-35666c14c58c}</UniqueIdentifier>
    </Filter>
    <Filter Include="Scene">
      <UniqueIdentifier>{3389dfbe-35ff-4a1d-8605-49b07068276f}</UniqueIdentifier>
    </Filter>
    <Filter Include="Normal">
      <UniqueIdentifier>{7de09a20-7a59-4c19-83e1-db3095a3a45d}</UniqueIdentifier>
    </Filter>
  </ItemGroup>
  <ItemGroup>
    <ClCompile Include="player.cpp">
      <Filter>Object</Filter>
    </ClCompile>
    <ClCompile Include="Object.cpp">
      <Filter>Object</Filter>
    </ClCompile>
    <ClCompile Include="SceneManager.cpp">
      <Filter>Scene</Filter>
    </ClCompile>
    <ClCompile Include="Arrow.cpp">
      <Filter>Object</Filter>
    </ClCompile>
    <ClCompile Include="ArrowManager.cpp">
      <Filter>Scene</Filter>
    </ClCompile>
    <ClCompile Include="Timer.cpp">
      <Filter>Normal</Filter>
    </ClCompile>
    <ClCompile Include="Console.cpp">
      <Filter>Normal</Filter>
    </ClCompile>
    <ClCompile Include="Game.cpp">
      <Filter>Normal</Filter>
    </ClCompile>
    <ClCompile Include="stdafx.cpp">
      <Filter>Normal</Filter>
    </ClCompile>
    <ClCompile Include="ArrowInstance.cpp">
      <Filter>Scene</Filter>
    </ClCompile>
    <ClCompile Include="GameScene.cpp">
      <Filter>Scene</Filter>
    </ClCompile>
    <ClCompile Include="Scene.cpp">
      <Filter>Scene</Filter>
    </ClCompile>
    <ClCompile Include="StartScene.cpp">
      <Filter>Scene</Filter>
    </ClCompile>
    <ClCompile Include="GameOverScene.cpp">
      <Filter>Scene</Filter>
    </ClCompile>
    <ClCompile Include="Explain.cpp" />
  </ItemGroup>
  <ItemGroup>
    <ClInclude Include="Object.h">
      <Filter>Object</Filter>
    </ClInclude>
    <ClInclude Include="player.h">
      <Filter>Object</Filter>
    </ClInclude>
    <ClInclude Include="SceneManager.h">
      <Filter>Scene</Filter>
    </ClInclude>
    <ClInclude Include="Arrow.h">
      <Filter>Object</Filter>
    </ClInclude>
    <ClInclude Include="ArrowManager.h">
      <Filter>Scene</Filter>
    </ClInclude>
    <ClInclude Include="Console.h">
      <Filter>Normal</Filter>
    </ClInclude>
    <ClInclude Include="stdafx.h">
      <Filter>Normal</Filter>
    </ClInclude>
    <ClInclude Include="Timer.h">
      <Filter>Normal</Filter>
    </ClInclude>
    <ClInclude Include="ArrowInstance.h">
      <Filter>Scene</Filter>
    </ClInclude>
    <ClInclude Include="StartScene.h">
      <Filter>Scene</Filter>
    </ClInclude>
    <ClInclude Include="GameScene.h">
      <Filter>Scene</Filter>
    </ClInclude>
    <ClInclude Include="Scene.h">
      <Filter>Scene</Filter>
    </ClInclude>
    <ClInclude Include="GameOverScene.h">
      <Filter>Scene</Filter>
    </ClInclude>
    <ClInclude Include="Explain.h" />
  </ItemGroup>
</Project>